
Microsoft Visual Studio Solution File, Format Version 12.00
# Visual Studio 15
VisualStudioVersion = 15.0.28010.2016
MinimumVisualStudioVersion = 10.0.40219.1
Project("{FAE04EC0-301F-11D3-BF4B-00C04F79EFBC}") = "ResponsabilidadesGT.Android", "ResponsabilidadesGT\ResponsabilidadesGT.Android\ResponsabilidadesGT.Android.csproj", "{1C2D3D8D-9B4C-47AA-B53E-643C3ECEFF9D}"
EndProject
Project("{FAE04EC0-301F-11D3-BF4B-00C04F79EFBC}") = "ResponsabilidadesGT.iOS", "ResponsabilidadesGT\ResponsabilidadesGT.iOS\ResponsabilidadesGT.iOS.csproj", "{F35E4E7A-AE70-4CF0-9546-7D9756E17B6A}"
EndProject
Project("{FAE04EC0-301F-11D3-BF4B-00C04F79EFBC}") = "ResponsabilidadesGT", "ResponsabilidadesGT\ResponsabilidadesGT\ResponsabilidadesGT.csproj", "{65AFE19E-F750-43EF-847A-5FB1A3383BB6}"
EndProject
Global
	GlobalSection(SolutionConfigurationPlatforms) = preSolution
		Ad-Hoc|Any CPU = Ad-Hoc|Any CPU
		Ad-Hoc|iPhone = Ad-Hoc|iPhone
		Ad-Hoc|iPhoneSimulator = Ad-Hoc|iPhoneSimulator
		AppStore|Any CPU = AppStore|Any CPU
		AppStore|iPhone = AppStore|iPhone
		AppStore|iPhoneSimulator = AppStore|iPhoneSimulator
		Debug|Any CPU = Debug|Any CPU
		Debug|iPhone = Debug|iPhone
		Debug|iPhoneSimulator = Debug|iPhoneSimulator
		Release|Any CPU = Release|Any CPU
		Release|iPhone = Release|iPhone
		Release|iPhoneSimulator = Release|iPhoneSimulator
	EndGlobalSection
	GlobalSection(ProjectConfigurationPlatforms) = postSolution
		{1C2D3D8D-9B4C-47AA-B53E-643C3ECEFF9D}.Ad-Hoc|Any CPU.ActiveCfg = Release|Any CPU
		{1C2D3D8D-9B4C-47AA-B53E-643C3ECEFF9D}.Ad-Hoc|Any CPU.Build.0 = Release|Any CPU
		{1C2D3D8D-9B4C-47AA-B53E-643C3ECEFF9D}.Ad-Hoc|Any CPU.Deploy.0 = Release|Any CPU
		{1C2D3D8D-9B4C-47AA-B53E-643C3ECEFF9D}.Ad-Hoc|iPhone.ActiveCfg = Release|Any CPU
		{1C2D3D8D-9B4C-47AA-B53E-643C3ECEFF9D}.Ad-Hoc|iPhone.Build.0 = Release|Any CPU
		{1C2D3D8D-9B4C-47AA-B53E-643C3ECEFF9D}.Ad-Hoc|iPhone.Deploy.0 = Release|Any CPU
		{1C2D3D8D-9B4C-47AA-B53E-643C3ECEFF9D}.Ad-Hoc|iPhoneSimulator.ActiveCfg = Release|Any CPU
		{1C2D3D8D-9B4C-47AA-B53E-643C3ECEFF9D}.Ad-Hoc|iPhoneSimulator.Build.0 = Release|Any CPU
		{1C2D3D8D-9B4C-47AA-B53E-643C3ECEFF9D}.Ad-Hoc|iPhoneSimulator.Deploy.0 = Release|Any CPU
		{1C2D3D8D-9B4C-47AA-B53E-643C3ECEFF9D}.AppStore|Any CPU.ActiveCfg = Release|Any CPU
		{1C2D3D8D-9B4C-47AA-B53E-643C3ECEFF9D}.AppStore|Any CPU.Build.0 = Release|Any CPU
		{1C2D3D8D-9B4C-47AA-B53E-643C3ECEFF9D}.AppStore|Any CPU.Deploy.0 = Release|Any CPU
		{1C2D3D8D-9B4C-47AA-B53E-643C3ECEFF9D}.AppStore|iPhone.ActiveCfg = Release|Any CPU
		{1C2D3D8D-9B4C-47AA-B53E-643C3ECEFF9D}.AppStore|iPhone.Build.0 = Release|Any CPU
		{1C2D3D8D-9B4C-47AA-B53E-643C3ECEFF9D}.AppStore|iPhone.Deploy.0 = Release|Any CPU
		{1C2D3D8D-9B4C-47AA-B53E-643C3ECEFF9D}.AppStore|iPhoneSimulator.ActiveCfg = Release|Any CPU
		{1C2D3D8D-9B4C-47AA-B53E-643C3ECEFF9D}.AppStore|iPhoneSimulator.Build.0 = Release|Any CPU
		{1C2D3D8D-9B4C-47AA-B53E-643C3ECEFF9D}.AppStore|iPhoneSimulator.Deploy.0 = Release|Any CPU
		{1C2D3D8D-9B4C-47AA-B53E-643C3ECEFF9D}.Debug|Any CPU.ActiveCfg = Debug|Any CPU
		{1C2D3D8D-9B4C-47AA-B53E-643C3ECEFF9D}.Debug|Any CPU.Build.0 = Debug|Any CPU
		{1C2D3D8D-9B4C-47AA-B53E-643C3ECEFF9D}.Debug|Any CPU.Deploy.0 = Debug|Any CPU
		{1C2D3D8D-9B4C-47AA-B53E-643C3ECEFF9D}.Debug|iPhone.ActiveCfg = Debug|Any CPU
		{1C2D3D8D-9B4C-47AA-B53E-643C3ECEFF9D}.Debug|iPhone.Build.0 = Debug|Any CPU
		{1C2D3D8D-9B4C-47AA-B53E-643C3ECEFF9D}.Debug|iPhone.Deploy.0 = Debug|Any CPU
		{1C2D3D8D-9B4C-47AA-B53E-643C3ECEFF9D}.Debug|iPhoneSimulator.ActiveCfg = Debug|Any CPU
		{1C2D3D8D-9B4C-47AA-B53E-643C3ECEFF9D}.Debug|iPhoneSimulator.Build.0 = Debug|Any CPU
		{1C2D3D8D-9B4C-47AA-B53E-643C3ECEFF9D}.Debug|iPhoneSimulator.Deploy.0 = Debug|Any CPU
		{1C2D3D8D-9B4C-47AA-B53E-643C3ECEFF9D}.Release|Any CPU.ActiveCfg = Release|Any CPU
		{1C2D3D8D-9B4C-47AA-B53E-643C3ECEFF9D}.Release|Any CPU.Build.0 = Release|Any CPU
		{1C2D3D8D-9B4C-47AA-B53E-643C3ECEFF9D}.Release|Any CPU.Deploy.0 = Release|Any CPU
		{1C2D3D8D-9B4C-47AA-B53E-643C3ECEFF9D}.Release|iPhone.ActiveCfg = Release|Any CPU
		{1C2D3D8D-9B4C-47AA-B53E-643C3ECEFF9D}.Release|iPhone.Build.0 = Release|Any CPU
		{1C2D3D8D-9B4C-47AA-B53E-643C3ECEFF9D}.Release|iPhone.Deploy.0 = Release|Any CPU
		{1C2D3D8D-9B4C-47AA-B53E-643C3ECEFF9D}.Release|iPhoneSimulator.ActiveCfg = Release|Any CPU
		{1C2D3D8D-9B4C-47AA-B53E-643C3ECEFF9D}.Release|iPhoneSimulator.Build.0 = Release|Any CPU
		{1C2D3D8D-9B4C-47AA-B53E-643C3ECEFF9D}.Release|iPhoneSimulator.Deploy.0 = Release|Any CPU
		{F35E4E7A-AE70-4CF0-9546-7D9756E17B6A}.Ad-Hoc|Any CPU.ActiveCfg = Ad-Hoc|iPhone
		{F35E4E7A-AE70-4CF0-9546-7D9756E17B6A}.Ad-Hoc|Any CPU.Build.0 = Ad-Hoc|iPhone
		{F35E4E7A-AE70-4CF0-9546-7D9756E17B6A}.Ad-Hoc|Any CPU.Deploy.0 = Ad-Hoc|iPhone
		{F35E4E7A-AE70-4CF0-9546-7D9756E17B6A}.Ad-Hoc|iPhone.ActiveCfg = Ad-Hoc|iPhone
		{F35E4E7A-AE70-4CF0-9546-7D9756E17B6A}.Ad-Hoc|iPhone.Build.0 = Ad-Hoc|iPhone
		{F35E4E7A-AE70-4CF0-9546-7D9756E17B6A}.Ad-Hoc|iPhone.Deploy.0 = Ad-Hoc|iPhone
		{F35E4E7A-AE70-4CF0-9546-7D9756E17B6A}.Ad-Hoc|iPhoneSimulator.ActiveCfg = Ad-Hoc|iPhoneSimulator
		{F35E4E7A-AE70-4CF0-9546-7D9756E17B6A}.Ad-Hoc|iPhoneSimulator.Build.0 = Ad-Hoc|iPhoneSimulator
		{F35E4E7A-AE70-4CF0-9546-7D9756E17B6A}.Ad-Hoc|iPhoneSimulator.Deploy.0 = Ad-Hoc|iPhoneSimulator
		{F35E4E7A-AE70-4CF0-9546-7D9756E17B6A}.AppStore|Any CPU.ActiveCfg = AppStore|iPhone
		{F35E4E7A-AE70-4CF0-9546-7D9756E17B6A}.AppStore|Any CPU.Build.0 = AppStore|iPhone
		{F35E4E7A-AE70-4CF0-9546-7D9756E17B6A}.AppStore|Any CPU.Deploy.0 = AppStore|iPhone
		{F35E4E7A-AE70-4CF0-9546-7D9756E17B6A}.AppStore|iPhone.ActiveCfg = AppStore|iPhone
		{F35E4E7A-AE70-4CF0-9546-7D9756E17B6A}.AppStore|iPhone.Build.0 = AppStore|iPhone
		{F35E4E7A-AE70-4CF0-9546-7D9756E17B6A}.AppStore|iPhone.Deploy.0 = AppStore|iPhone
		{F35E4E7A-AE70-4CF0-9546-7D9756E17B6A}.AppStore|iPhoneSimulator.ActiveCfg = AppStore|iPhoneSimulator
		{F35E4E7A-AE70-4CF0-9546-7D9756E17B6A}.AppStore|iPhoneSimulator.Build.0 = AppStore|iPhoneSimulator
		{F35E4E7A-AE70-4CF0-9546-7D9756E17B6A}.AppStore|iPhoneSimulator.Deploy.0 = AppStore|iPhoneSimulator
		{F35E4E7A-AE70-4CF0-9546-7D9756E17B6A}.Debug|Any CPU.ActiveCfg = Debug|iPhoneSimulator
		{F35E4E7A-AE70-4CF0-9546-7D9756E17B6A}.Debug|Any CPU.Build.0 = Debug|iPhoneSimulator
		{F35E4E7A-AE70-4CF0-9546-7D9756E17B6A}.Debug|Any CPU.Deploy.0 = Debug|iPhoneSimulator
		{F35E4E7A-AE70-4CF0-9546-7D9756E17B6A}.Debug|iPhone.ActiveCfg = Debug|iPhone
		{F35E4E7A-AE70-4CF0-9546-7D9756E17B6A}.Debug|iPhone.Build.0 = Debug|iPhone
		{F35E4E7A-AE70-4CF0-9546-7D9756E17B6A}.Debug|iPhone.Deploy.0 = Debug|iPhone
		{F35E4E7A-AE70-4CF0-9546-7D9756E17B6A}.Debug|iPhoneSimulator.ActiveCfg = Debug|iPhoneSimulator
		{F35E4E7A-AE70-4CF0-9546-7D9756E17B6A}.Debug|iPhoneSimulator.Build.0 = Debug|iPhoneSimulator
		{F35E4E7A-AE70-4CF0-9546-7D9756E17B6A}.Debug|iPhoneSimulator.Deploy.0 = Debug|iPhoneSimulator
		{F35E4E7A-AE70-4CF0-9546-7D9756E17B6A}.Release|Any CPU.ActiveCfg = Release|iPhone
		{F35E4E7A-AE70-4CF0-9546-7D9756E17B6A}.Release|Any CPU.Build.0 = Release|iPhone
		{F35E4E7A-AE70-4CF0-9546-7D9756E17B6A}.Release|Any CPU.Deploy.0 = Release|iPhone
		{F35E4E7A-AE70-4CF0-9546-7D9756E17B6A}.Release|iPhone.ActiveCfg = Release|iPhone
		{F35E4E7A-AE70-4CF0-9546-7D9756E17B6A}.Release|iPhone.Build.0 = Release|iPhone
		{F35E4E7A-AE70-4CF0-9546-7D9756E17B6A}.Release|iPhone.Deploy.0 = Release|iPhone
		{F35E4E7A-AE70-4CF0-9546-7D9756E17B6A}.Release|iPhoneSimulator.ActiveCfg = Release|iPhoneSimulator
		{F35E4E7A-AE70-4CF0-9546-7D9756E17B6A}.Release|iPhoneSimulator.Build.0 = Release|iPhoneSimulator
		{F35E4E7A-AE70-4CF0-9546-7D9756E17B6A}.Release|iPhoneSimulator.Deploy.0 = Release|iPhoneSimulator
		{65AFE19E-F750-43EF-847A-5FB1A3383BB6}.Ad-Hoc|Any CPU.ActiveCfg = Debug|Any CPU
		{65AFE19E-F750-43EF-847A-5FB1A3383BB6}.Ad-Hoc|Any CPU.Build.0 = Debug|Any CPU
		{65AFE19E-F750-43EF-847A-5FB1A3383BB6}.Ad-Hoc|Any CPU.Deploy.0 = Debug|Any CPU
		{65AFE19E-F750-43EF-847A-5FB1A3383BB6}.Ad-Hoc|iPhone.ActiveCfg = Debug|Any CPU
		{65AFE19E-F750-43EF-847A-5FB1A3383BB6}.Ad-Hoc|iPhone.Build.0 = Debug|Any CPU
		{65AFE19E-F750-43EF-847A-5FB1A3383BB6}.Ad-Hoc|iPhone.Deploy.0 = Debug|Any CPU
		{65AFE19E-F750-43EF-847A-5FB1A3383BB6}.Ad-Hoc|iPhoneSimulator.ActiveCfg = Debug|Any CPU
		{65AFE19E-F750-43EF-847A-5FB1A3383BB6}.Ad-Hoc|iPhoneSimulator.Build.0 = Debug|Any CPU
		{65AFE19E-F750-43EF-847A-5FB1A3383BB6}.Ad-Hoc|iPhoneSimulator.Deploy.0 = Debug|Any CPU
		{65AFE19E-F750-43EF-847A-5FB1A3383BB6}.AppStore|Any CPU.ActiveCfg = Debug|Any CPU
		{65AFE19E-F750-43EF-847A-5FB1A3383BB6}.AppStore|Any CPU.Build.0 = Debug|Any CPU
		{65AFE19E-F750-43EF-847A-5FB1A3383BB6}.AppStore|Any CPU.Deploy.0 = Debug|Any CPU
		{65AFE19E-F750-43EF-847A-5FB1A3383BB6}.AppStore|iPhone.ActiveCfg = Debug|Any CPU
		{65AFE19E-F750-43EF-847A-5FB1A3383BB6}.AppStore|iPhone.Build.0 = Debug|Any CPU
		{65AFE19E-F750-43EF-847A-5FB1A3383BB6}.AppStore|iPhone.Deploy.0 = Debug|Any CPU
		{65AFE19E-F750-43EF-847A-5FB1A3383BB6}.AppStore|iPhoneSimulator.ActiveCfg = Debug|Any CPU
		{65AFE19E-F750-43EF-847A-5FB1A3383BB6}.AppStore|iPhoneSimulator.Build.0 = Debug|Any CPU
		{65AFE19E-F750-43EF-847A-5FB1A3383BB6}.AppStore|iPhoneSimulator.Deploy.0 = Debug|Any CPU
		{65AFE19E-F750-43EF-847A-5FB1A3383BB6}.Debug|Any CPU.ActiveCfg = Debug|Any CPU
		{65AFE19E-F750-43EF-847A-5FB1A3383BB6}.Debug|Any CPU.Build.0 = Debug|Any CPU
		{65AFE19E-F750-43EF-847A-5FB1A3383BB6}.Debug|Any CPU.Deploy.0 = Debug|Any CPU
		{65AFE19E-F750-43EF-847A-5FB1A3383BB6}.Debug|iPhone.ActiveCfg = Debug|Any CPU
		{65AFE19E-F750-43EF-847A-5FB1A3383BB6}.Debug|iPhone.Build.0 = Debug|Any CPU
		{65AFE19E-F750-43EF-847A-5FB1A3383BB6}.Debug|iPhone.Deploy.0 = Debug|Any CPU
		{65AFE19E-F750-43EF-847A-5FB1A3383BB6}.Debug|iPhoneSimulator.ActiveCfg = Debug|Any CPU
		{65AFE19E-F750-43EF-847A-5FB1A3383BB6}.Debug|iPhoneSimulator.Build.0 = Debug|Any CPU
		{65AFE19E-F750-43EF-847A-5FB1A3383BB6}.Debug|iPhoneSimulator.Deploy.0 = Debug|Any CPU
		{65AFE19E-F750-43EF-847A-5FB1A3383BB6}.Release|Any CPU.ActiveCfg = Release|Any CPU
		{65AFE19E-F750-43EF-847A-5FB1A3383BB6}.Release|Any CPU.Build.0 = Release|Any CPU
		{65AFE19E-F750-43EF-847A-5FB1A3383BB6}.Release|Any CPU.Deploy.0 = Release|Any CPU
		{65AFE19E-F750-43EF-847A-5FB1A3383BB6}.Release|iPhone.ActiveCfg = Release|Any CPU
		{65AFE19E-F750-43EF-847A-5FB1A3383BB6}.Release|iPhone.Build.0 = Release|Any CPU
		{65AFE19E-F750-43EF-847A-5FB1A3383BB6}.Release|iPhone.Deploy.0 = Release|Any CPU
		{65AFE19E-F750-43EF-847A-5FB1A3383BB6}.Release|iPhoneSimulator.ActiveCfg = Release|Any CPU
		{65AFE19E-F750-43EF-847A-5FB1A3383BB6}.Release|iPhoneSimulator.Build.0 = Release|Any CPU
		{65AFE19E-F750-43EF-847A-5FB1A3383BB6}.Release|iPhoneSimulator.Deploy.0 = Release|Any CPU
	EndGlobalSection
	GlobalSection(SolutionProperties) = preSolution
		HideSolutionNode = FALSE
	EndGlobalSection
	GlobalSection(ExtensibilityGlobals) = postSolution
		SolutionGuid = {9BC1D509-99CE-4FD6-A03F-2880051FDACC}
	EndGlobalSection
EndGlobal
